// !$*UTF8*$!
{
	archiveVersion = 1;
	classes = {
	};
	objectVersion = 46;
	objects = {

/* Begin PBXBuildFile section */
		73C39A021F00AC08000455BD /* AppDelegate.swift in Sources */ = {isa = PBXBuildFile; fileRef = 73C39A011F00AC08000455BD /* AppDelegate.swift */; };
		73C39A041F00AC08000455BD /* ViewController.swift in Sources */ = {isa = PBXBuildFile; fileRef = 73C39A031F00AC08000455BD /* ViewController.swift */; };
		73C39A071F00AC08000455BD /* Main.storyboard in Resources */ = {isa = PBXBuildFile; fileRef = 73C39A051F00AC08000455BD /* Main.storyboard */; };
		73C39A091F00AC08000455BD /* Assets.xcassets in Resources */ = {isa = PBXBuildFile; fileRef = 73C39A081F00AC08000455BD /* Assets.xcassets */; };
		73C39A0C1F00AC08000455BD /* LaunchScreen.storyboard in Resources */ = {isa = PBXBuildFile; fileRef = 73C39A0A1F00AC08000455BD /* LaunchScreen.storyboard */; };
		73C39A181F00B01F000455BD /* meow.m4a in Resources */ = {isa = PBXBuildFile; fileRef = 73C39A141F00B01F000455BD /* meow.m4a */; };
		73C39A191F00B01F000455BD /* moo.m4a in Resources */ = {isa = PBXBuildFile; fileRef = 73C39A151F00B01F000455BD /* moo.m4a */; };
		73C39A1A1F00B01F000455BD /* SimpleSound.swift in Sources */ = {isa = PBXBuildFile; fileRef = 73C39A161F00B01F000455BD /* SimpleSound.swift */; };
		73C39A1B1F00B01F000455BD /* woof.m4a in Resources */ = {isa = PBXBuildFile; fileRef = 73C39A171F00B01F000455BD /* woof.m4a */; };
/* End PBXBuildFile section */

/* Begin PBXFileReference section */
		73C399FE1F00AC08000455BD /* AnimalSounds.app */ = {isa = PBXFileReference; explicitFileType = wrapper.application; includeInIndex = 0; path = AnimalSounds.app; sourceTree = BUILT_PRODUCTS_DIR; };
		73C39A011F00AC08000455BD /* AppDelegate.swift */ = {isa = PBXFileReference; lastKnownFileType = sourcecode.swift; path = AppDelegate.swift; sourceTree = "<group>"; };
		73C39A031F00AC08000455BD /* ViewController.swift */ = {isa = PBXFileReference; lastKnownFileType = sourcecode.swift; path = ViewController.swift; sourceTree = "<group>"; };
		73C39A061F00AC08000455BD /* Base */ = {isa = PBXFileReference; lastKnownFileType = file.storyboard; name = Base; path = Base.lproj/Main.storyboard; sourceTree = "<group>"; };
		73C39A081F00AC08000455BD /* Assets.xcassets */ = {isa = PBXFileReference; lastKnownFileType = folder.assetcatalog; path = Assets.xcassets; sourceTree = "<group>"; };
		73C39A0B1F00AC08000455BD /* Base */ = {isa = PBXFileReference; lastKnownFileType = file.storyboard; name = Base; path = Base.lproj/LaunchScreen.storyboard; sourceTree = "<group>"; };
		73C39A0D1F00AC08000455BD /* Info.plist */ = {isa = PBXFileReference; lastKnownFileType = text.plist.xml; path = Info.plist; sourceTree = "<group>"; };
		73C39A141F00B01F000455BD /* meow.m4a */ = {isa = PBXFileReference; lastKnownFileType = file; path = meow.m4a; sourceTree = "<group>"; };
		73C39A151F00B01F000455BD /* moo.m4a */ = {isa = PBXFileReference; lastKnownFileType = file; path = moo.m4a; sourceTree = "<group>"; };
		73C39A161F00B01F000455BD /* SimpleSound.swift */ = {isa = PBXFileReference; fileEncoding = 4; lastKnownFileType = sourcecode.swift; path = SimpleSound.swift; sourceTree = "<group>"; };
		73C39A171F00B01F000455BD /* woof.m4a */ = {isa = PBXFileReference; lastKnownFileType = file; path = woof.m4a; sourceTree = "<group>"; };
/* End PBXFileReference section */

/* Begin PBXFrameworksBuildPhase section */
		73C399FB1F00AC08000455BD /* Frameworks */ = {
			isa = PBXFrameworksBuildPhase;
			buildActionMask = 2147483647;
			files = (
			);
			runOnlyForDeploymentPostprocessing = 0;
		};
/* End PBXFrameworksBuildPhase section */

/* Begin PBXGroup section */
		73C399F51F00AC08000455BD = {
			isa = PBXGroup;
			children = (
				73C39A001F00AC08000455BD /* AnimalSounds */,
				73C399FF1F00AC08000455BD /* Products */,
			);
			sourceTree = "<group>";
		};
		73C399FF1F00AC08000455BD /* Products */ = {
			isa = PBXGroup;
			children = (
				73C399FE1F00AC08000455BD /* AnimalSounds.app */,
			);
			name = Products;
			sourceTree = "<group>";
		};
		73C39A001F00AC08000455BD /* AnimalSounds */ = {
			isa = PBXGroup;
			children = (
				73C39A131F00B01F000455BD /* Sounds */,
				73C39A011F00AC08000455BD /* AppDelegate.swift */,
				73C39A031F00AC08000455BD /* ViewController.swift */,
				73C39A051F00AC08000455BD /* Main.storyboard */,
				73C39A081F00AC08000455BD /* Assets.xcassets */,
				73C39A0A1F00AC08000455BD /* LaunchScreen.storyboard */,
				73C39A0D1F00AC08000455BD /* Info.plist */,
			);
			path = AnimalSounds;
			sourceTree = "<group>";
		};
		73C39A131F00B01F000455BD /* Sounds */ = {
			isa = PBXGroup;
			children = (
				73C39A141F00B01F000455BD /* meow.m4a */,
				73C39A151F00B01F000455BD /* moo.m4a */,
				73C39A161F00B01F000455BD /* SimpleSound.swift */,
				73C39A171F00B01F000455BD /* woof.m4a */,
			);
			path = Sounds;
			sourceTree = "<group>";
		};
/* End PBXGroup section */

/* Begin PBXNativeTarget section */
		73C399FD1F00AC08000455BD /* AnimalSounds */ = {
			isa = PBXNativeTarget;
			buildConfigurationList = 73C39A101F00AC08000455BD /* Build configuration list for PBXNativeTarget "AnimalSounds" */;
			buildPhases = (
				73C399FA1F00AC08000455BD /* Sources */,
				73C399FB1F00AC08000455BD /* Frameworks */,
				73C399FC1F00AC08000455BD /* Resources */,
			);
			buildRules = (
			);
			dependencies = (
			);
			name = AnimalSounds;
			productName = AnimalSounds;
			productReference = 73C399FE1F00AC08000455BD /* AnimalSounds.app */;
			productType = "com.apple.product-type.application";
		};
/* End PBXNativeTarget section */

/* Begin PBXProject section */
		73C399F61F00AC08000455BD /* Project object */ = {
			isa = PBXProject;
			attributes = {
				LastSwiftUpdateCheck = 0830;
				LastUpgradeCheck = 0830;
				ORGANIZATIONNAME = "Josh McDonald";
				TargetAttributes = {
					73C399FD1F00AC08000455BD = {
						CreatedOnToolsVersion = 8.3.2;
						DevelopmentTeam = 2W8248YE2M;
						ProvisioningStyle = Automatic;
					};
				};
			};
			buildConfigurationList = 73C399F91F00AC08000455BD /* Build configuration list for PBXProject "AnimalSounds" */;
			compatibilityVersion = "Xcode 3.2";
			developmentRegion = English;
			hasScannedForEncodings = 0;
			knownRegions = (
				en,
				Base,
			);
			mainGroup = 73C399F51F00AC08000455BD;
			productRefGroup = 73C399FF1F00AC08000455BD /* Products */;
			projectDirPath = "";
			projectRoot = "";
			targets = (
				73C399FD1F00AC08000455BD /* AnimalSounds */,
			);
		};
/* End PBXProject section */

/* Begin PBXResourcesBuildPhase section */
		73C399FC1F00AC08000455BD /* Resources */ = {
			isa = PBXResourcesBuildPhase;
			buildActionMask = 2147483647;
			files = (
				73C39A181F00B01F000455BD /* meow.m4a in Resources */,
				73C39A1B1F00B01F000455BD /* woof.m4a in Resources */,
				73C39A191F00B01F000455BD /* moo.m4a in Resources */,
				73C39A0C1F00AC08000455BD /* LaunchScreen.storyboard in Resources */,
				73C39A091F00AC08000455BD /* Assets.xcassets in Resources */,
				73C39A071F00AC08000455BD /* Main.storyboard in Resources */,
			);
			runOnlyForDeploymentPostprocessing = 0;
		};
/* End PBXResourcesBuildPhase section */

/* Begin PBXSourcesBuildPhase section */
		73C399FA1F00AC08000455BD /* Sources */ = {
			isa = PBXSourcesBuildPhase;
			buildActionMask = 2147483647;
			files = (
				73C39A1A1F00B01F000455BD /* SimpleSound.swift in Sources */,
				73C39A041F00AC08000455BD /* ViewController.swift in Sources */,
				73C39A021F00AC08000455BD /* AppDelegate.swift in Sources */,
			);
			runOnlyForDeploymentPostprocessing = 0;
		};
/* End PBXSourcesBuildPhase section */

/* Begin PBXVariantGroup section */
		73C39A051F00AC08000455BD /* Main.storyboard */ = {
			isa = PBXVariantGroup;
			children = (
				73C39A061F00AC08000455BD /* Base */,
			);
			name = Main.storyboard;
			sourceTree = "<group>";
		};
		73C39A0A1F00AC08000455BD /* LaunchScreen.storyboard */ = {
			isa = PBXVariantGroup;
			children = (
				73C39A0B1F00AC08000455BD /* Base */,
			);
			name = LaunchScreen.storyboard;
			sourceTree = "<group>";
		};
/* End PBXVariantGroup section */

/* Begin XCBuildConfiguration section */
		73C39A0E1F00AC08000455BD /* Debug */ = {
			isa = XCBuildConfiguration;
			buildSettings = {
				ALWAYS_SEARCH_USER_PATHS = NO;
				CLANG_ANALYZER_NONNULL = YES;
				CLANG_ANALYZER_NUMBER_OBJECT_CONVERSION = YES_AGGRESSIVE;
				CLANG_CXX_LANGUAGE_STANDARD = "gnu++0x";
				CLANG_CXX_LIBRARY = "libc++";
				CLANG_ENABLE_MODULES = YES;
				CLANG_ENABLE_OBJC_ARC = YES;
				CLANG_WARN_BOOL_CONVERSION = YES;
				CLANG_WARN_CONSTANT_CONVERSION = YES;
				CLANG_WARN_DIRECT_OBJC_ISA_USAGE = YES_ERROR;
				CLANG_WARN_DOCUMENTATION_COMMENTS = YES;
				CLANG_WARN_EMPTY_BODY = YES;
				CLANG_WARN_ENUM_CONVERSION = YES;
				CLANG_WARN_INFINITE_RECURSION = YES;
				CLANG_WARN_INT_CONVERSION = YES;
				CLANG_WARN_OBJC_ROOT_CLASS = YES_ERROR;
				CLANG_WARN_SUSPICIOUS_MOVE = YES;
				CLANG_WARN_UNREACHABLE_CODE = YES;
				CLANG_WARN__DUPLICATE_METHOD_MATCH = YES;
				"CODE_SIGN_IDENTITY[sdk=iphoneos*]" = "iPhone Developer";
				COPY_PHASE_STRIP = NO;
				DEBUG_INFORMATION_FORMAT = dwarf;
				ENABLE_STRICT_OBJC_MSGSEND = YES;
				ENABLE_TESTABILITY = YES;
				GCC_C_LANGUAGE_STANDARD = gnu99;
				GCC_DYNAMIC_NO_PIC = NO;
				GCC_NO_COMMON_BLOCKS = YES;
				GCC_OPTIMIZATION_LEVEL = 0;
				GCC_PREPROCESSOR_DEFINITIONS = (
					"DEBUG=1",
					"$(inherited)",
				);
				GCC_WARN_64_TO_32_BIT_CONVERSION = YES;
				GCC_WARN_ABOUT_RETURN_TYPE = YES_ERROR;
				GCC_WARN_UNDECLARED_SELECTOR = YES;
				GCC_WARN_UNINITIALIZED_AUTOS = YES_AGGRESSIVE;
				GCC_WARN_UNUSED_FUNCTION = YES;
				GCC_WARN_UNUSED_VARIABLE = YES;
				IPHONEOS_DEPLOYMENT_TARGET = 10.3;
				MTL_ENABLE_DEBUG_INFO = YES;
				ONLY_ACTIVE_ARCH = YES;
				SDKROOT = iphoneos;
				SWIFT_ACTIVE_COMPILATION_CONDITIONS = DEBUG;
				SWIFT_OPTIMIZATION_LEVEL = "-Onone";
			};
			name = Debug;
		};
		73C39A0F1F00AC08000455BD /* Release */ = {
			isa = XCBuildConfiguration;
			buildSettings = {
				ALWAYS_SEARCH_USER_PATHS = NO;
				CLANG_ANALYZER_NONNULL = YES;
				CLANG_ANALYZER_NUMBER_OBJECT_CONVERSION = YES_AGGRESSIVE;
				CLANG_CXX_LANGUAGE_STANDARD = "gnu++0x";
				CLANG_CXX_LIBRARY = "libc++";
				CLANG_ENABLE_MODULES = YES;
				CLANG_ENABLE_OBJC_ARC = YES;
				CLANG_WARN_BOOL_CONVERSION = YES;
				CLANG_WARN_CONSTANT_CONVERSION = YES;
				CLANG_WARN_DIRECT_OBJC_ISA_USAGE = YES_ERROR;
				CLANG_WARN_DOCUMENTATION_COMMENTS = YES;
				CLANG_WARN_EMPTY_BODY = YES;
				CLANG_WARN_ENUM_CONVERSION = YES;
				CLANG_WARN_INFINITE_RECURSION = YES;
				CLANG_WARN_INT_CONVERSION = YES;
				CLANG_WARN_OBJC_ROOT_CLASS = YES_ERROR;
				CLANG_WARN_SUSPICIOUS_MOVE = YES;
				CLANG_WARN_UNREACHABLE_CODE = YES;
				CLANG_WARN__DUPLICATE_METHOD_MATCH = YES;
				"CODE_SIGN_IDENTITY[sdk=iphoneos*]" = "iPhone Developer";
				COPY_PHASE_STRIP = NO;
				DEBUG_INFORMATION_FORMAT = "dwarf-with-dsym";
				ENABLE_NS_ASSERTIONS = NO;
				ENABLE_STRICT_OBJC_MSGSEND = YES;
				GCC_C_LANGUAGE_STANDARD = gnu99;
				GCC_NO_COMMON_BLOCKS = YES;
				GCC_WARN_64_TO_32_BIT_CONVERSION = YES;
				GCC_WARN_ABOUT_RETURN_TYPE = YES_ERROR;
				GCC_WARN_UNDECLARED_SELECTOR = YES;
				GCC_WARN_UNINITIALIZED_AUTOS = YES_AGGRESSIVE;
				GCC_WARN_UNUSED_FUNCTION = YES;
				GCC_WARN_UNUSED_VARIABLE = YES;
				IPHONEOS_DEPLOYMENT_TARGET = 10.3;
				MTL_ENABLE_DEBUG_INFO = NO;
				SDKROOT = iphoneos;
				SWIFT_OPTIMIZATION_LEVEL = "-Owholemodule";
				VALIDATE_PRODUCT = YES;
			};
			name = Release;
		};
		73C39A111F00AC08000455BD /* Debug */ = {
			isa = XCBuildConfiguration;
			buildSettings = {
				ASSETCATALOG_COMPILER_APPICON_NAME = AppIcon;
				DEVELOPMENT_TEAM = 2W8248YE2M;
				INFOPLIST_FILE = AnimalSounds/Info.plist;
				LD_RUNPATH_SEARCH_PATHS = "$(inherited) @executable_path/Frameworks";
				PRODUCT_BUNDLE_IDENTIFIER = com.example.AnimalSounds;
				PRODUCT_NAME = "$(TARGET_NAME)";
				SWIFT_VERSION = 3.0;
			};
			name = Debug;
		};
		73C39A121F00AC08000455BD /* Release */ = {
			isa = XCBuildConfiguration;
			buildSettings = {
				ASSETCATALOG_COMPILER_APPICON_NAME = AppIcon;
				DEVELOPMENT_TEAM = 2W8248YE2M;
				INFOPLIST_FILE = AnimalSounds/Info.plist;
				LD_RUNPATH_SEARCH_PATHS = "$(inherited) @executable_path/Frameworks";
				PRODUCT_BUNDLE_IDENTIFIER = com.example.AnimalSounds;
				PRODUCT_NAME = "$(TARGET_NAME)";
				SWIFT_VERSION = 3.0;
			};
			name = Release;
		};
/* End XCBuildConfiguration section */

/* Begin XCConfigurationList section */
		73C399F91F00AC08000455BD /* Build configuration list for PBXProject "AnimalSounds" */ = {
			isa = XCConfigurationList;
			buildConfigurations = (
				73C39A0E1F00AC08000455BD /* Debug */,
				73C39A0F1F00AC08000455BD /* Release */,
			);
			defaultConfigurationIsVisible = 0;
			defaultConfigurationName = Release;
		};
		73C39A101F00AC08000455BD /* Build configuration list for PBXNativeTarget "AnimalSounds" */ = {
			isa = XCConfigurationList;
			buildConfigurations = (
				73C39A111F00AC08000455BD /* Debug */,
				73C39A121F00AC08000455BD /* Release */,
			);
			defaultConfigurationIsVisible = 0;
		};
/* End XCConfigurationList section */
	};
	rootObject = 73C399F61F00AC08000455BD /* Project object */;
}
